
Microsoft Visual Studio Solution File, Format Version 12.00
# Visual Studio Version 17
VisualStudioVersion = 17.4.33205.214
MinimumVisualStudioVersion = 10.0.40219.1
Project("{9A19103F-16F7-4668-BE54-9A1E7A4F7556}") = "Equifinance.Mock.API", "src\Equifinance.Mock.API\Equifinance.Mock.API.csproj", "{69283554-371B-4DB1-AAD5-FA8AC9D385BB}"
EndProject
Project("{9A19103F-16F7-4668-BE54-9A1E7A4F7556}") = "Equifinance.Mock.Core", "src\Equifinance.Mock.Core\Equifinance.Mock.Core.csproj", "{38BF7EF2-4358-49A8-B345-B113CA6281F4}"
EndProject
Project("{9A19103F-16F7-4668-BE54-9A1E7A4F7556}") = "Equifinance.Mock.Infrastructure", "src\Equifinance.Mock.Infrastructure\Equifinance.Mock.Infrastructure.csproj", "{81DDFFD4-D279-4039-80EA-62DC3575A496}"
EndProject
Project("{FAE04EC0-301F-11D3-BF4B-00C04F79EFBC}") = "Equifinance.Mock.Test", "Equifinance.Mock.Test\Equifinance.Mock.Test.csproj", "{4C0A9D12-7437-409B-9170-F3D13B8422EF}"
EndProject
Project("{FAE04EC0-301F-11D3-BF4B-00C04F79EFBC}") = "QueueStorage", "QueueStorage\QueueStorage.csproj", "{12E0259F-1F32-4085-9341-2985BDA37263}"
EndProject
Global
	GlobalSection(SolutionConfigurationPlatforms) = preSolution
		Debug|Any CPU = Debug|Any CPU
		Release|Any CPU = Release|Any CPU
	EndGlobalSection
	GlobalSection(ProjectConfigurationPlatforms) = postSolution
		{69283554-371B-4DB1-AAD5-FA8AC9D385BB}.Debug|Any CPU.ActiveCfg = Debug|Any CPU
		{69283554-371B-4DB1-AAD5-FA8AC9D385BB}.Debug|Any CPU.Build.0 = Debug|Any CPU
		{69283554-371B-4DB1-AAD5-FA8AC9D385BB}.Release|Any CPU.ActiveCfg = Release|Any CPU
		{69283554-371B-4DB1-AAD5-FA8AC9D385BB}.Release|Any CPU.Build.0 = Release|Any CPU
		{38BF7EF2-4358-49A8-B345-B113CA6281F4}.Debug|Any CPU.ActiveCfg = Debug|Any CPU
		{38BF7EF2-4358-49A8-B345-B113CA6281F4}.Debug|Any CPU.Build.0 = Debug|Any CPU
		{38BF7EF2-4358-49A8-B345-B113CA6281F4}.Release|Any CPU.ActiveCfg = Release|Any CPU
		{38BF7EF2-4358-49A8-B345-B113CA6281F4}.Release|Any CPU.Build.0 = Release|Any CPU
		{81DDFFD4-D279-4039-80EA-62DC3575A496}.Debug|Any CPU.ActiveCfg = Debug|Any CPU
		{81DDFFD4-D279-4039-80EA-62DC3575A496}.Debug|Any CPU.Build.0 = Debug|Any CPU
		{81DDFFD4-D279-4039-80EA-62DC3575A496}.Release|Any CPU.ActiveCfg = Release|Any CPU
		{81DDFFD4-D279-4039-80EA-62DC3575A496}.Release|Any CPU.Build.0 = Release|Any CPU
		{4C0A9D12-7437-409B-9170-F3D13B8422EF}.Debug|Any CPU.ActiveCfg = Debug|Any CPU
		{4C0A9D12-7437-409B-9170-F3D13B8422EF}.Debug|Any CPU.Build.0 = Debug|Any CPU
		{4C0A9D12-7437-409B-9170-F3D13B8422EF}.Release|Any CPU.ActiveCfg = Release|Any CPU
		{4C0A9D12-7437-409B-9170-F3D13B8422EF}.Release|Any CPU.Build.0 = Release|Any CPU
		{12E0259F-1F32-4085-9341-2985BDA37263}.Debug|Any CPU.ActiveCfg = Debug|Any CPU
		{12E0259F-1F32-4085-9341-2985BDA37263}.Debug|Any CPU.Build.0 = Debug|Any CPU
		{12E0259F-1F32-4085-9341-2985BDA37263}.Release|Any CPU.ActiveCfg = Release|Any CPU
		{12E0259F-1F32-4085-9341-2985BDA37263}.Release|Any CPU.Build.0 = Release|Any CPU
	EndGlobalSection
	GlobalSection(SolutionProperties) = preSolution
		HideSolutionNode = FALSE
	EndGlobalSection
	GlobalSection(ExtensibilityGlobals) = postSolution
		SolutionGuid = {F28AD3AE-D779-4DFD-9B4A-D2C94AB8AC75}
	EndGlobalSection
EndGlobal
